
Microsoft Visual Studio Solution File, Format Version 12.00
# Visual Studio 15
VisualStudioVersion = 15.0.27703.2047
MinimumVisualStudioVersion = 10.0.40219.1
Project("{FAE04EC0-301F-11D3-BF4B-00C04F79EFBC}") = "SQLBuilder.Core", "SQLBuilder.Core\SQLBuilder.Core.csproj", "{675BE0C1-10BC-41C7-928F-34A978A99967}"
EndProject
Project("{FAE04EC0-301F-11D3-BF4B-00C04F79EFBC}") = "SQLBuilder.Core.Console", "SQLBuilder.Core.Console\SQLBuilder.Core.Console.csproj", "{6D616B3D-8AEA-43DF-BAA7-19E6C0481188}"
EndProject
Project("{FAE04EC0-301F-11D3-BF4B-00C04F79EFBC}") = "SQLBuilder.Core.UnitTest", "SQLBuilder.Core.UnitTest\SQLBuilder.Core.UnitTest.csproj", "{9D9DD7D8-0195-4A0D-8F19-222BC2048AE2}"
EndProject
Global
	GlobalSection(SolutionConfigurationPlatforms) = preSolution
		Debug|Any CPU = Debug|Any CPU
		Release|Any CPU = Release|Any CPU
	EndGlobalSection
	GlobalSection(ProjectConfigurationPlatforms) = postSolution
		{675BE0C1-10BC-41C7-928F-34A978A99967}.Debug|Any CPU.ActiveCfg = Debug|Any CPU
		{675BE0C1-10BC-41C7-928F-34A978A99967}.Debug|Any CPU.Build.0 = Debug|Any CPU
		{675BE0C1-10BC-41C7-928F-34A978A99967}.Release|Any CPU.ActiveCfg = Release|Any CPU
		{675BE0C1-10BC-41C7-928F-34A978A99967}.Release|Any CPU.Build.0 = Release|Any CPU
		{6D616B3D-8AEA-43DF-BAA7-19E6C0481188}.Debug|Any CPU.ActiveCfg = Debug|Any CPU
		{6D616B3D-8AEA-43DF-BAA7-19E6C0481188}.Debug|Any CPU.Build.0 = Debug|Any CPU
		{6D616B3D-8AEA-43DF-BAA7-19E6C0481188}.Release|Any CPU.ActiveCfg = Release|Any CPU
		{6D616B3D-8AEA-43DF-BAA7-19E6C0481188}.Release|Any CPU.Build.0 = Release|Any CPU
		{9D9DD7D8-0195-4A0D-8F19-222BC2048AE2}.Debug|Any CPU.ActiveCfg = Debug|Any CPU
		{9D9DD7D8-0195-4A0D-8F19-222BC2048AE2}.Debug|Any CPU.Build.0 = Debug|Any CPU
		{9D9DD7D8-0195-4A0D-8F19-222BC2048AE2}.Release|Any CPU.ActiveCfg = Release|Any CPU
		{9D9DD7D8-0195-4A0D-8F19-222BC2048AE2}.Release|Any CPU.Build.0 = Release|Any CPU
	EndGlobalSection
	GlobalSection(SolutionProperties) = preSolution
		HideSolutionNode = FALSE
	EndGlobalSection
	GlobalSection(ExtensibilityGlobals) = postSolution
		SolutionGuid = {89A0DF88-ECC5-4F79-80E6-E515B4A93710}
	EndGlobalSection
EndGlobal
