
Microsoft Visual Studio Solution File, Format Version 12.00
# Visual Studio Version 17
VisualStudioVersion = 17.0.31912.275
MinimumVisualStudioVersion = 10.0.40219.1
Project("{9A19103F-16F7-4668-BE54-9A1E7A4F7556}") = "SQLBuilder.Core", "SQLBuilder.Core\SQLBuilder.Core.csproj", "{675BE0C1-10BC-41C7-928F-34A978A99967}"
EndProject
Project("{9A19103F-16F7-4668-BE54-9A1E7A4F7556}") = "SQLBuilder.Core.Console", "SQLBuilder.Core.Console\SQLBuilder.Core.Console.csproj", "{6D616B3D-8AEA-43DF-BAA7-19E6C0481188}"
EndProject
Project("{9A19103F-16F7-4668-BE54-9A1E7A4F7556}") = "SQLBuilder.Core.UnitTest", "SQLBuilder.Core.UnitTest\SQLBuilder.Core.UnitTest.csproj", "{9D9DD7D8-0195-4A0D-8F19-222BC2048AE2}"
EndProject
Project("{9A19103F-16F7-4668-BE54-9A1E7A4F7556}") = "SQLBuilder.Core.SkyWalking", "SQLBuilder.Core.SkyWalking\SQLBuilder.Core.SkyWalking.csproj", "{7F00CEF4-28AE-477B-841D-86D916824238}"
EndProject
Project("{9A19103F-16F7-4668-BE54-9A1E7A4F7556}") = "SQLBuilder.Core.ElasticApm", "SQLBuilder.Core.ElasticApm\SQLBuilder.Core.ElasticApm.csproj", "{49B47662-707E-43F5-92A8-E0B43C823B07}"
EndProject
Project("{FAE04EC0-301F-11D3-BF4B-00C04F79EFBC}") = "SQLBuilder.Core.Diagnostics", "SQLBuilder.Core.Diagnostics\SQLBuilder.Core.Diagnostics.csproj", "{F0E4CAAD-21E2-489D-8896-DE1FC6CF4849}"
EndProject
Global
	GlobalSection(SolutionConfigurationPlatforms) = preSolution
		Debug|Any CPU = Debug|Any CPU
		Release|Any CPU = Release|Any CPU
	EndGlobalSection
	GlobalSection(ProjectConfigurationPlatforms) = postSolution
		{675BE0C1-10BC-41C7-928F-34A978A99967}.Debug|Any CPU.ActiveCfg = Debug|Any CPU
		{675BE0C1-10BC-41C7-928F-34A978A99967}.Debug|Any CPU.Build.0 = Debug|Any CPU
		{675BE0C1-10BC-41C7-928F-34A978A99967}.Release|Any CPU.ActiveCfg = Release|Any CPU
		{675BE0C1-10BC-41C7-928F-34A978A99967}.Release|Any CPU.Build.0 = Release|Any CPU
		{6D616B3D-8AEA-43DF-BAA7-19E6C0481188}.Debug|Any CPU.ActiveCfg = Debug|Any CPU
		{6D616B3D-8AEA-43DF-BAA7-19E6C0481188}.Debug|Any CPU.Build.0 = Debug|Any CPU
		{6D616B3D-8AEA-43DF-BAA7-19E6C0481188}.Release|Any CPU.ActiveCfg = Release|Any CPU
		{6D616B3D-8AEA-43DF-BAA7-19E6C0481188}.Release|Any CPU.Build.0 = Release|Any CPU
		{9D9DD7D8-0195-4A0D-8F19-222BC2048AE2}.Debug|Any CPU.ActiveCfg = Debug|Any CPU
		{9D9DD7D8-0195-4A0D-8F19-222BC2048AE2}.Debug|Any CPU.Build.0 = Debug|Any CPU
		{9D9DD7D8-0195-4A0D-8F19-222BC2048AE2}.Release|Any CPU.ActiveCfg = Release|Any CPU
		{9D9DD7D8-0195-4A0D-8F19-222BC2048AE2}.Release|Any CPU.Build.0 = Release|Any CPU
		{7F00CEF4-28AE-477B-841D-86D916824238}.Debug|Any CPU.ActiveCfg = Debug|Any CPU
		{7F00CEF4-28AE-477B-841D-86D916824238}.Debug|Any CPU.Build.0 = Debug|Any CPU
		{7F00CEF4-28AE-477B-841D-86D916824238}.Release|Any CPU.ActiveCfg = Release|Any CPU
		{7F00CEF4-28AE-477B-841D-86D916824238}.Release|Any CPU.Build.0 = Release|Any CPU
		{49B47662-707E-43F5-92A8-E0B43C823B07}.Debug|Any CPU.ActiveCfg = Debug|Any CPU
		{49B47662-707E-43F5-92A8-E0B43C823B07}.Debug|Any CPU.Build.0 = Debug|Any CPU
		{49B47662-707E-43F5-92A8-E0B43C823B07}.Release|Any CPU.ActiveCfg = Release|Any CPU
		{49B47662-707E-43F5-92A8-E0B43C823B07}.Release|Any CPU.Build.0 = Release|Any CPU
		{F0E4CAAD-21E2-489D-8896-DE1FC6CF4849}.Debug|Any CPU.ActiveCfg = Debug|Any CPU
		{F0E4CAAD-21E2-489D-8896-DE1FC6CF4849}.Debug|Any CPU.Build.0 = Debug|Any CPU
		{F0E4CAAD-21E2-489D-8896-DE1FC6CF4849}.Release|Any CPU.ActiveCfg = Release|Any CPU
		{F0E4CAAD-21E2-489D-8896-DE1FC6CF4849}.Release|Any CPU.Build.0 = Release|Any CPU
	EndGlobalSection
	GlobalSection(SolutionProperties) = preSolution
		HideSolutionNode = FALSE
	EndGlobalSection
	GlobalSection(ExtensibilityGlobals) = postSolution
		SolutionGuid = {89A0DF88-ECC5-4F79-80E6-E515B4A93710}
	EndGlobalSection
EndGlobal
